
Microsoft Visual Studio Solution File, Format Version 12.00
# Visual Studio 14
VisualStudioVersion = 14.0.25420.1
MinimumVisualStudioVersion = 10.0.40219.1
Project("{2150E333-8FDC-42A3-9474-1A3956D46DE8}") = "src", "src", "{0D421A62-FB8F-4D6E-A1BC-7443689CD754}"
EndProject
Project("{2150E333-8FDC-42A3-9474-1A3956D46DE8}") = "Solution Items", "Solution Items", "{88E31CF5-9A4A-45B3-840B-FA8A7C3A73D1}"
	ProjectSection(SolutionItems) = preProject
		appveyor.yml = appveyor.yml
		Build.ps1 = Build.ps1
		global.json = global.json
	EndProjectSection
EndProject
Project("{8BB2217D-0F2D-49D1-97BC-3654ED321F3B}") = "ContinuousIntegration", "src\ContinuousIntegration\ContinuousIntegration.xproj", "{D57E04A8-8FF4-40EF-98D4-565CF8787253}"
EndProject
Project("{2150E333-8FDC-42A3-9474-1A3956D46DE8}") = "test", "test", "{77DE0523-7C59-4881-BBEC-E205DE152703}"
EndProject
Project("{8BB2217D-0F2D-49D1-97BC-3654ED321F3B}") = "ContinuousIntegrationUnitTests", "test\ContinuousIntegrationUnitTests\ContinuousIntegrationUnitTests.xproj", "{0A6AA269-5CA1-4627-9048-BE24985B48B4}"
EndProject
Project("{8BB2217D-0F2D-49D1-97BC-3654ED321F3B}") = "UnitTestBase", "test\UnitTestBase\UnitTestBase.xproj", "{299F7018-5E5B-4AB5-A684-1BC28E3116FE}"
EndProject
Project("{8BB2217D-0F2D-49D1-97BC-3654ED321F3B}") = "ContinuousIntegration.Api", "src\ContinuousIntegration.Api\ContinuousIntegration.Api.xproj", "{C159BCDE-6947-4B49-BAD3-69914A30EDAF}"
EndProject
Global
	GlobalSection(SolutionConfigurationPlatforms) = preSolution
		Debug|Any CPU = Debug|Any CPU
		Release|Any CPU = Release|Any CPU
	EndGlobalSection
	GlobalSection(ProjectConfigurationPlatforms) = postSolution
		{D57E04A8-8FF4-40EF-98D4-565CF8787253}.Debug|Any CPU.ActiveCfg = Debug|Any CPU
		{D57E04A8-8FF4-40EF-98D4-565CF8787253}.Debug|Any CPU.Build.0 = Debug|Any CPU
		{D57E04A8-8FF4-40EF-98D4-565CF8787253}.Release|Any CPU.ActiveCfg = Release|Any CPU
		{D57E04A8-8FF4-40EF-98D4-565CF8787253}.Release|Any CPU.Build.0 = Release|Any CPU
		{0A6AA269-5CA1-4627-9048-BE24985B48B4}.Debug|Any CPU.ActiveCfg = Debug|Any CPU
		{0A6AA269-5CA1-4627-9048-BE24985B48B4}.Debug|Any CPU.Build.0 = Debug|Any CPU
		{0A6AA269-5CA1-4627-9048-BE24985B48B4}.Release|Any CPU.ActiveCfg = Release|Any CPU
		{0A6AA269-5CA1-4627-9048-BE24985B48B4}.Release|Any CPU.Build.0 = Release|Any CPU
		{299F7018-5E5B-4AB5-A684-1BC28E3116FE}.Debug|Any CPU.ActiveCfg = Debug|Any CPU
		{299F7018-5E5B-4AB5-A684-1BC28E3116FE}.Debug|Any CPU.Build.0 = Debug|Any CPU
		{299F7018-5E5B-4AB5-A684-1BC28E3116FE}.Release|Any CPU.ActiveCfg = Release|Any CPU
		{299F7018-5E5B-4AB5-A684-1BC28E3116FE}.Release|Any CPU.Build.0 = Release|Any CPU
		{C159BCDE-6947-4B49-BAD3-69914A30EDAF}.Debug|Any CPU.ActiveCfg = Debug|Any CPU
		{C159BCDE-6947-4B49-BAD3-69914A30EDAF}.Debug|Any CPU.Build.0 = Debug|Any CPU
		{C159BCDE-6947-4B49-BAD3-69914A30EDAF}.Release|Any CPU.ActiveCfg = Release|Any CPU
		{C159BCDE-6947-4B49-BAD3-69914A30EDAF}.Release|Any CPU.Build.0 = Release|Any CPU
	EndGlobalSection
	GlobalSection(SolutionProperties) = preSolution
		HideSolutionNode = FALSE
	EndGlobalSection
	GlobalSection(NestedProjects) = preSolution
		{D57E04A8-8FF4-40EF-98D4-565CF8787253} = {0D421A62-FB8F-4D6E-A1BC-7443689CD754}
		{0A6AA269-5CA1-4627-9048-BE24985B48B4} = {77DE0523-7C59-4881-BBEC-E205DE152703}
		{299F7018-5E5B-4AB5-A684-1BC28E3116FE} = {77DE0523-7C59-4881-BBEC-E205DE152703}
		{C159BCDE-6947-4B49-BAD3-69914A30EDAF} = {0D421A62-FB8F-4D6E-A1BC-7443689CD754}
	EndGlobalSection
EndGlobal
